// !$*UTF8*$!
{
	archiveVersion = 1;
	classes = {
	};
	objectVersion = 50;
	objects = {

/* Begin PBXBuildFile section */
		633DFA8722516D5C00729453 /* AppDelegate.swift in Sources */ = {isa = PBXBuildFile; fileRef = 633DFA8622516D5C00729453 /* AppDelegate.swift */; };
		633DFA8922516D5C00729453 /* ViewController.swift in Sources */ = {isa = PBXBuildFile; fileRef = 633DFA8822516D5C00729453 /* ViewController.swift */; };
		633DFA8C22516D5C00729453 /* Main.storyboard in Resources */ = {isa = PBXBuildFile; fileRef = 633DFA8A22516D5C00729453 /* Main.storyboard */; };
		633DFA8E22516D5E00729453 /* Assets.xcassets in Resources */ = {isa = PBXBuildFile; fileRef = 633DFA8D22516D5E00729453 /* Assets.xcassets */; };
		633DFA9122516D5E00729453 /* LaunchScreen.storyboard in Resources */ = {isa = PBXBuildFile; fileRef = 633DFA8F22516D5E00729453 /* LaunchScreen.storyboard */; };
		633DFA9922516D7000729453 /* ControlAction.swift in Sources */ = {isa = PBXBuildFile; fileRef = 633DFA9822516D7000729453 /* ControlAction.swift */; };
/* End PBXBuildFile section */

/* Begin PBXFileReference section */
		633DFA8322516D5C00729453 /* NewTargetActionPattern.app */ = {isa = PBXFileReference; explicitFileType = wrapper.application; includeInIndex = 0; path = NewTargetActionPattern.app; sourceTree = BUILT_PRODUCTS_DIR; };
		633DFA8622516D5C00729453 /* AppDelegate.swift */ = {isa = PBXFileReference; lastKnownFileType = sourcecode.swift; path = AppDelegate.swift; sourceTree = "<group>"; };
		633DFA8822516D5C00729453 /* ViewController.swift */ = {isa = PBXFileReference; lastKnownFileType = sourcecode.swift; path = ViewController.swift; sourceTree = "<group>"; };
		633DFA8B22516D5C00729453 /* Base */ = {isa = PBXFileReference; lastKnownFileType = file.storyboard; name = Base; path = Base.lproj/Main.storyboard; sourceTree = "<group>"; };
		633DFA8D22516D5E00729453 /* Assets.xcassets */ = {isa = PBXFileReference; lastKnownFileType = folder.assetcatalog; path = Assets.xcassets; sourceTree = "<group>"; };
		633DFA9022516D5E00729453 /* Base */ = {isa = PBXFileReference; lastKnownFileType = file.storyboard; name = Base; path = Base.lproj/LaunchScreen.storyboard; sourceTree = "<group>"; };
		633DFA9222516D5E00729453 /* Info.plist */ = {isa = PBXFileReference; lastKnownFileType = text.plist.xml; path = Info.plist; sourceTree = "<group>"; };
		633DFA9822516D7000729453 /* ControlAction.swift */ = {isa = PBXFileReference; lastKnownFileType = sourcecode.swift; path = ControlAction.swift; sourceTree = "<group>"; };
/* End PBXFileReference section */

/* Begin PBXFrameworksBuildPhase section */
		633DFA8022516D5C00729453 /* Frameworks */ = {
			isa = PBXFrameworksBuildPhase;
			buildActionMask = 2147483647;
			files = (
			);
			runOnlyForDeploymentPostprocessing = 0;
		};
/* End PBXFrameworksBuildPhase section */

/* Begin PBXGroup section */
		633DFA7A22516D5B00729453 = {
			isa = PBXGroup;
			children = (
				633DFA8522516D5C00729453 /* NewTargetActionPattern */,
				633DFA8422516D5C00729453 /* Products */,
			);
			sourceTree = "<group>";
		};
		633DFA8422516D5C00729453 /* Products */ = {
			isa = PBXGroup;
			children = (
				633DFA8322516D5C00729453 /* NewTargetActionPattern.app */,
			);
			name = Products;
			sourceTree = "<group>";
		};
		633DFA8522516D5C00729453 /* NewTargetActionPattern */ = {
			isa = PBXGroup;
			children = (
				633DFA8622516D5C00729453 /* AppDelegate.swift */,
				633DFA8822516D5C00729453 /* ViewController.swift */,
				633DFA8A22516D5C00729453 /* Main.storyboard */,
				633DFA8D22516D5E00729453 /* Assets.xcassets */,
				633DFA8F22516D5E00729453 /* LaunchScreen.storyboard */,
				633DFA9222516D5E00729453 /* Info.plist */,
				633DFA9822516D7000729453 /* ControlAction.swift */,
			);
			path = NewTargetActionPattern;
			sourceTree = "<group>";
		};
/* End PBXGroup section */

/* Begin PBXNativeTarget section */
		633DFA8222516D5C00729453 /* NewTargetActionPattern */ = {
			isa = PBXNativeTarget;
			buildConfigurationList = 633DFA9522516D5E00729453 /* Build configuration list for PBXNativeTarget "NewTargetActionPattern" */;
			buildPhases = (
				633DFA7F22516D5C00729453 /* Sources */,
				633DFA8022516D5C00729453 /* Frameworks */,
				633DFA8122516D5C00729453 /* Resources */,
			);
			buildRules = (
			);
			dependencies = (
			);
			name = NewTargetActionPattern;
			productName = NewTargetActionPattern;
			productReference = 633DFA8322516D5C00729453 /* NewTargetActionPattern.app */;
			productType = "com.apple.product-type.application";
		};
/* End PBXNativeTarget section */

/* Begin PBXProject section */
		633DFA7B22516D5B00729453 /* Project object */ = {
			isa = PBXProject;
			attributes = {
				LastSwiftUpdateCheck = 1000;
				LastUpgradeCheck = 1000;
				ORGANIZATIONNAME = "Iragam Reddy, Sreekanth Reddy";
				TargetAttributes = {
					633DFA8222516D5C00729453 = {
						CreatedOnToolsVersion = 10.0;
					};
				};
			};
			buildConfigurationList = 633DFA7E22516D5B00729453 /* Build configuration list for PBXProject "NewTargetActionPattern" */;
			compatibilityVersion = "Xcode 9.3";
			developmentRegion = en;
			hasScannedForEncodings = 0;
			knownRegions = (
				en,
				Base,
			);
			mainGroup = 633DFA7A22516D5B00729453;
			productRefGroup = 633DFA8422516D5C00729453 /* Products */;
			projectDirPath = "";
			projectRoot = "";
			targets = (
				633DFA8222516D5C00729453 /* NewTargetActionPattern */,
			);
		};
/* End PBXProject section */

/* Begin PBXResourcesBuildPhase section */
		633DFA8122516D5C00729453 /* Resources */ = {
			isa = PBXResourcesBuildPhase;
			buildActionMask = 2147483647;
			files = (
				633DFA9122516D5E00729453 /* LaunchScreen.storyboard in Resources */,
				633DFA8E22516D5E00729453 /* Assets.xcassets in Resources */,
				633DFA8C22516D5C00729453 /* Main.storyboard in Resources */,
			);
			runOnlyForDeploymentPostprocessing = 0;
		};
/* End PBXResourcesBuildPhase section */

/* Begin PBXSourcesBuildPhase section */
		633DFA7F22516D5C00729453 /* Sources */ = {
			isa = PBXSourcesBuildPhase;
			buildActionMask = 2147483647;
			files = (
				633DFA8922516D5C00729453 /* ViewController.swift in Sources */,
				633DFA8722516D5C00729453 /* AppDelegate.swift in Sources */,
				633DFA9922516D7000729453 /* ControlAction.swift in Sources */,
			);
			runOnlyForDeploymentPostprocessing = 0;
		};
/* End PBXSourcesBuildPhase section */

/* Begin PBXVariantGroup section */
		633DFA8A22516D5C00729453 /* Main.storyboard */ = {
			isa = PBXVariantGroup;
			children = (
				633DFA8B22516D5C00729453 /* Base */,
			);
			name = Main.storyboard;
			sourceTree = "<group>";
		};
		633DFA8F22516D5E00729453 /* LaunchScreen.storyboard */ = {
			isa = PBXVariantGroup;
			children = (
				633DFA9022516D5E00729453 /* Base */,
			);
			name = LaunchScreen.storyboard;
			sourceTree = "<group>";
		};
/* End PBXVariantGroup section */

/* Begin XCBuildConfiguration section */
		633DFA9322516D5E00729453 /* Debug */ = {
			isa = XCBuildConfiguration;
			buildSettings = {
				ALWAYS_SEARCH_USER_PATHS = NO;
				CLANG_ANALYZER_NONNULL = YES;
				CLANG_ANALYZER_NUMBER_OBJECT_CONVERSION = YES_AGGRESSIVE;
				CLANG_CXX_LANGUAGE_STANDARD = "gnu++14";
				CLANG_CXX_LIBRARY = "libc++";
				CLANG_ENABLE_MODULES = YES;
				CLANG_ENABLE_OBJC_ARC = YES;
				CLANG_ENABLE_OBJC_WEAK = YES;
				CLANG_WARN_BLOCK_CAPTURE_AUTORELEASING = YES;
				CLANG_WARN_BOOL_CONVERSION = YES;
				CLANG_WARN_COMMA = YES;
				CLANG_WARN_CONSTANT_CONVERSION = YES;
				CLANG_WARN_DEPRECATED_OBJC_IMPLEMENTATIONS = YES;
				CLANG_WARN_DIRECT_OBJC_ISA_USAGE = YES_ERROR;
				CLANG_WARN_DOCUMENTATION_COMMENTS = YES;
				CLANG_WARN_EMPTY_BODY = YES;
				CLANG_WARN_ENUM_CONVERSION = YES;
				CLANG_WARN_INFINITE_RECURSION = YES;
				CLANG_WARN_INT_CONVERSION = YES;
				CLANG_WARN_NON_LITERAL_NULL_CONVERSION = YES;
				CLANG_WARN_OBJC_IMPLICIT_RETAIN_SELF = YES;
				CLANG_WARN_OBJC_LITERAL_CONVERSION = YES;
				CLANG_WARN_OBJC_ROOT_CLASS = YES_ERROR;
				CLANG_WARN_RANGE_LOOP_ANALYSIS = YES;
				CLANG_WARN_STRICT_PROTOTYPES = YES;
				CLANG_WARN_SUSPICIOUS_MOVE = YES;
				CLANG_WARN_UNGUARDED_AVAILABILITY = YES_AGGRESSIVE;
				CLANG_WARN_UNREACHABLE_CODE = YES;
				CLANG_WARN__DUPLICATE_METHOD_MATCH = YES;
				CODE_SIGN_IDENTITY = "iPhone Developer";
				COPY_PHASE_STRIP = NO;
				DEBUG_INFORMATION_FORMAT = dwarf;
				ENABLE_STRICT_OBJC_MSGSEND = YES;
				ENABLE_TESTABILITY = YES;
				GCC_C_LANGUAGE_STANDARD = gnu11;
				GCC_DYNAMIC_NO_PIC = NO;
				GCC_NO_COMMON_BLOCKS = YES;
				GCC_OPTIMIZATION_LEVEL = 0;
				GCC_PREPROCESSOR_DEFINITIONS = (
					"DEBUG=1",
					"$(inherited)",
				);
				GCC_WARN_64_TO_32_BIT_CONVERSION = YES;
				GCC_WARN_ABOUT_RETURN_TYPE = YES_ERROR;
				GCC_WARN_UNDECLARED_SELECTOR = YES;
				GCC_WARN_UNINITIALIZED_AUTOS = YES_AGGRESSIVE;
				GCC_WARN_UNUSED_FUNCTION = YES;
				GCC_WARN_UNUSED_VARIABLE = YES;
				IPHONEOS_DEPLOYMENT_TARGET = 12.0;
				MTL_ENABLE_DEBUG_INFO = INCLUDE_SOURCE;
				MTL_FAST_MATH = YES;
				ONLY_ACTIVE_ARCH = YES;
				SDKROOT = iphoneos;
				SWIFT_ACTIVE_COMPILATION_CONDITIONS = DEBUG;
				SWIFT_OPTIMIZATION_LEVEL = "-Onone";
			};
			name = Debug;
		};
		633DFA9422516D5E00729453 /* Release */ = {
			isa = XCBuildConfiguration;
			buildSettings = {
				ALWAYS_SEARCH_USER_PATHS = NO;
				CLANG_ANALYZER_NONNULL = YES;
				CLANG_ANALYZER_NUMBER_OBJECT_CONVERSION = YES_AGGRESSIVE;
				CLANG_CXX_LANGUAGE_STANDARD = "gnu++14";
				CLANG_CXX_LIBRARY = "libc++";
				CLANG_ENABLE_MODULES = YES;
				CLANG_ENABLE_OBJC_ARC = YES;
				CLANG_ENABLE_OBJC_WEAK = YES;
				CLANG_WARN_BLOCK_CAPTURE_AUTORELEASING = YES;
				CLANG_WARN_BOOL_CONVERSION = YES;
				CLANG_WARN_COMMA = YES;
				CLANG_WARN_CONSTANT_CONVERSION = YES;
				CLANG_WARN_DEPRECATED_OBJC_IMPLEMENTATIONS = YES;
				CLANG_WARN_DIRECT_OBJC_ISA_USAGE = YES_ERROR;
				CLANG_WARN_DOCUMENTATION_COMMENTS = YES;
				CLANG_WARN_EMPTY_BODY = YES;
				CLANG_WARN_ENUM_CONVERSION = YES;
				CLANG_WARN_INFINITE_RECURSION = YES;
				CLANG_WARN_INT_CONVERSION = YES;
				CLANG_WARN_NON_LITERAL_NULL_CONVERSION = YES;
				CLANG_WARN_OBJC_IMPLICIT_RETAIN_SELF = YES;
				CLANG_WARN_OBJC_LITERAL_CONVERSION = YES;
				CLANG_WARN_OBJC_ROOT_CLASS = YES_ERROR;
				CLANG_WARN_RANGE_LOOP_ANALYSIS = YES;
				CLANG_WARN_STRICT_PROTOTYPES = YES;
				CLANG_WARN_SUSPICIOUS_MOVE = YES;
				CLANG_WARN_UNGUARDED_AVAILABILITY = YES_AGGRESSIVE;
				CLANG_WARN_UNREACHABLE_CODE = YES;
				CLANG_WARN__DUPLICATE_METHOD_MATCH = YES;
				CODE_SIGN_IDENTITY = "iPhone Developer";
				COPY_PHASE_STRIP = NO;
				DEBUG_INFORMATION_FORMAT = "dwarf-with-dsym";
				ENABLE_NS_ASSERTIONS = NO;
				ENABLE_STRICT_OBJC_MSGSEND = YES;
				GCC_C_LANGUAGE_STANDARD = gnu11;
				GCC_NO_COMMON_BLOCKS = YES;
				GCC_WARN_64_TO_32_BIT_CONVERSION = YES;
				GCC_WARN_ABOUT_RETURN_TYPE = YES_ERROR;
				GCC_WARN_UNDECLARED_SELECTOR = YES;
				GCC_WARN_UNINITIALIZED_AUTOS = YES_AGGRESSIVE;
				GCC_WARN_UNUSED_FUNCTION = YES;
				GCC_WARN_UNUSED_VARIABLE = YES;
				IPHONEOS_DEPLOYMENT_TARGET = 12.0;
				MTL_ENABLE_DEBUG_INFO = NO;
				MTL_FAST_MATH = YES;
				SDKROOT = iphoneos;
				SWIFT_COMPILATION_MODE = wholemodule;
				SWIFT_OPTIMIZATION_LEVEL = "-O";
				VALIDATE_PRODUCT = YES;
			};
			name = Release;
		};
		633DFA9622516D5E00729453 /* Debug */ = {
			isa = XCBuildConfiguration;
			buildSettings = {
				ASSETCATALOG_COMPILER_APPICON_NAME = AppIcon;
				CODE_SIGN_STYLE = Automatic;
				INFOPLIST_FILE = NewTargetActionPattern/Info.plist;
				LD_RUNPATH_SEARCH_PATHS = (
					"$(inherited)",
					"@executable_path/Frameworks",
				);
				PRODUCT_BUNDLE_IDENTIFIER = new.universal.sample.NewTargetActionPattern;
				PRODUCT_NAME = "$(TARGET_NAME)";
				SWIFT_VERSION = 4.2;
				TARGETED_DEVICE_FAMILY = "1,2";
			};
			name = Debug;
		};
		633DFA9722516D5E00729453 /* Release */ = {
			isa = XCBuildConfiguration;
			buildSettings = {
				ASSETCATALOG_COMPILER_APPICON_NAME = AppIcon;
				CODE_SIGN_STYLE = Automatic;
				INFOPLIST_FILE = NewTargetActionPattern/Info.plist;
				LD_RUNPATH_SEARCH_PATHS = (
					"$(inherited)",
					"@executable_path/Frameworks",
				);
				PRODUCT_BUNDLE_IDENTIFIER = new.universal.sample.NewTargetActionPattern;
				PRODUCT_NAME = "$(TARGET_NAME)";
				SWIFT_VERSION = 4.2;
				TARGETED_DEVICE_FAMILY = "1,2";
			};
			name = Release;
		};
/* End XCBuildConfiguration section */

/* Begin XCConfigurationList section */
		633DFA7E22516D5B00729453 /* Build configuration list for PBXProject "NewTargetActionPattern" */ = {
			isa = XCConfigurationList;
			buildConfigurations = (
				633DFA9322516D5E00729453 /* Debug */,
				633DFA9422516D5E00729453 /* Release */,
			);
			defaultConfigurationIsVisible = 0;
			defaultConfigurationName = Release;
		};
		633DFA9522516D5E00729453 /* Build configuration list for PBXNativeTarget "NewTargetActionPattern" */ = {
			isa = XCConfigurationList;
			buildConfigurations = (
				633DFA9622516D5E00729453 /* Debug */,
				633DFA9722516D5E00729453 /* Release */,
			);
			defaultConfigurationIsVisible = 0;
			defaultConfigurationName = Release;
		};
/* End XCConfigurationList section */
	};
	rootObject = 633DFA7B22516D5B00729453 /* Project object */;
}
